{
    "version": 3,
    "terraform_version": "0.11.11",
    "serial": 9,
    "lineage": "9f75ca61-926f-f56d-3920-a2e81e65a3bd",
    "modules": [
        {
            "path": [
                "root"
            ],
            "outputs": {},
            "resources": {
                "aws_eip.elastic_ip": {
                    "type": "aws_eip",
                    "depends_on": [
                        "module.internet_gateway"
                    ],
                    "primary": {
                        "id": "eipalloc-0bb3b6fb8edc4348f",
                        "attributes": {
                            "association_id": "eipassoc-d3edd778",
                            "domain": "vpc",
                            "id": "eipalloc-0bb3b6fb8edc4348f",
                            "instance": "",
                            "network_interface": "eni-0e0deecccc3337457",
                            "private_ip": "172.31.2.253",
                            "public_ip": "100.25.208.118",
                            "public_ipv4_pool": "amazon",
                            "tags.%": "0",
                            "vpc": "true"
                        },
                        "meta": {
                            "e2bfb730-ecaa-11e6-8f88-34363bc7c4c0": {
                                "delete": 180000000000,
                                "read": 900000000000,
                                "update": 300000000000
                            }
                        },
                        "tainted": false
                    },
                    "deposed": [],
                    "provider": "provider.aws"
                },
                "aws_nat_gateway.nat": {
                    "type": "aws_nat_gateway",
                    "depends_on": [
                        "aws_eip.elastic_ip",
                        "module.internet_gateway",
                        "module.private_subnet"
                    ],
                    "primary": {
                        "id": "nat-0dfcb3ae7ba0a0f53",
                        "attributes": {
                            "allocation_id": "eipalloc-0bb3b6fb8edc4348f",
                            "id": "nat-0dfcb3ae7ba0a0f53",
                            "network_interface_id": "eni-0e0deecccc3337457",
                            "private_ip": "172.31.2.253",
                            "public_ip": "100.25.208.118",
                            "subnet_id": "subnet-0b130f7a741f0facc",
                            "tags.%": "0"
                        },
                        "meta": {},
                        "tainted": false
                    },
                    "deposed": [],
                    "provider": "provider.aws"
                }
            },
            "depends_on": []
        },
        {
            "path": [
                "root",
                "aws_instance"
            ],
            "outputs": {},
            "resources": {},
            "depends_on": []
        },
        {
            "path": [
                "root",
                "internet_access"
            ],
            "outputs": {},
            "resources": {
                "aws_route.internet_access": {
                    "type": "aws_route",
                    "depends_on": [],
                    "primary": {
                        "id": "r-rtb-0d7f73fc5b5a959651080289494",
                        "attributes": {
                            "destination_cidr_block": "0.0.0.0/0",
                            "destination_prefix_list_id": "",
                            "egress_only_gateway_id": "",
                            "gateway_id": "igw-0bcaabb8f72311b37",
                            "id": "r-rtb-0d7f73fc5b5a959651080289494",
                            "instance_id": "",
                            "instance_owner_id": "",
                            "nat_gateway_id": "",
                            "network_interface_id": "",
                            "origin": "CreateRoute",
                            "route_table_id": "rtb-0d7f73fc5b5a95965",
                            "state": "active",
                            "transit_gateway_id": "",
                            "vpc_peering_connection_id": ""
                        },
                        "meta": {
                            "e2bfb730-ecaa-11e6-8f88-34363bc7c4c0": {
                                "create": 120000000000,
                                "delete": 300000000000
                            }
                        },
                        "tainted": false
                    },
                    "deposed": [],
                    "provider": "provider.aws"
                }
            },
            "depends_on": []
        },
        {
            "path": [
                "root",
                "internet_gateway"
            ],
            "outputs": {
                "internet_gateway_id": {
                    "sensitive": false,
                    "type": "string",
                    "value": "igw-0bcaabb8f72311b37"
                }
            },
            "resources": {
                "aws_internet_gateway.igw": {
                    "type": "aws_internet_gateway",
                    "depends_on": [],
                    "primary": {
                        "id": "igw-0bcaabb8f72311b37",
                        "attributes": {
                            "id": "igw-0bcaabb8f72311b37",
                            "owner_id": "631503308609",
                            "tags.%": "1",
                            "tags.Name": "dev-internet-gateway",
                            "vpc_id": "vpc-0a9cc56ba44fb51d1"
                        },
                        "meta": {},
                        "tainted": false
                    },
                    "deposed": [],
                    "provider": "provider.aws"
                }
            },
            "depends_on": []
        },
        {
            "path": [
                "root",
                "private_subnet"
            ],
            "outputs": {
                "private_subnet_id": {
                    "sensitive": false,
                    "type": "list",
                    "value": [
                        "subnet-0b130f7a741f0facc"
                    ]
                }
            },
            "resources": {
                "aws_subnet.private_subnet": {
                    "type": "aws_subnet",
                    "depends_on": [],
                    "primary": {
                        "id": "subnet-0b130f7a741f0facc",
                        "attributes": {
                            "arn": "arn:aws:ec2:us-east-1:631503308609:subnet/subnet-0b130f7a741f0facc",
                            "assign_ipv6_address_on_creation": "false",
                            "availability_zone": "us-east-1a",
                            "availability_zone_id": "use1-az6",
                            "cidr_block": "172.31.2.0/24",
                            "id": "subnet-0b130f7a741f0facc",
                            "ipv6_cidr_block": "",
                            "ipv6_cidr_block_association_id": "",
                            "map_public_ip_on_launch": "false",
                            "owner_id": "631503308609",
                            "tags.%": "1",
                            "tags.Name": "dev-private_subnet-us-east-1a",
                            "vpc_id": "vpc-0a9cc56ba44fb51d1"
                        },
                        "meta": {
                            "e2bfb730-ecaa-11e6-8f88-34363bc7c4c0": {
                                "create": 600000000000,
                                "delete": 600000000000
                            },
                            "schema_version": "1"
                        },
                        "tainted": false
                    },
                    "deposed": [],
                    "provider": "provider.aws"
                }
            },
            "depends_on": []
        },
        {
            "path": [
                "root",
                "private_subnet_route_table"
            ],
            "outputs": {
                "private_route_table_ids": {
                    "sensitive": false,
                    "type": "list",
                    "value": [
                        "rtb-062844fbcfef4c37e"
                    ]
                }
            },
            "resources": {
                "aws_route.private_route": {
                    "type": "aws_route",
                    "depends_on": [
                        "aws_route_table.private_route_table"
                    ],
                    "primary": {
                        "id": "r-rtb-062844fbcfef4c37e1080289494",
                        "attributes": {
                            "destination_cidr_block": "0.0.0.0/0",
                            "destination_prefix_list_id": "",
                            "egress_only_gateway_id": "",
                            "gateway_id": "",
                            "id": "r-rtb-062844fbcfef4c37e1080289494",
                            "instance_id": "",
                            "instance_owner_id": "",
                            "nat_gateway_id": "nat-0dfcb3ae7ba0a0f53",
                            "network_interface_id": "",
                            "origin": "CreateRoute",
                            "route_table_id": "rtb-062844fbcfef4c37e",
                            "state": "active",
                            "transit_gateway_id": "",
                            "vpc_peering_connection_id": ""
                        },
                        "meta": {
                            "e2bfb730-ecaa-11e6-8f88-34363bc7c4c0": {
                                "create": 120000000000,
                                "delete": 300000000000
                            }
                        },
                        "tainted": false
                    },
                    "deposed": [],
                    "provider": "provider.aws"
                },
                "aws_route_table.private_route_table": {
                    "type": "aws_route_table",
                    "depends_on": [],
                    "primary": {
                        "id": "rtb-062844fbcfef4c37e",
                        "attributes": {
                            "id": "rtb-062844fbcfef4c37e",
                            "owner_id": "631503308609",
                            "propagating_vgws.#": "0",
                            "route.#": "1",
                            "route.703077629.cidr_block": "0.0.0.0/0",
                            "route.703077629.egress_only_gateway_id": "",
                            "route.703077629.gateway_id": "",
                            "route.703077629.instance_id": "",
                            "route.703077629.ipv6_cidr_block": "",
                            "route.703077629.nat_gateway_id": "nat-0dfcb3ae7ba0a0f53",
                            "route.703077629.network_interface_id": "",
                            "route.703077629.transit_gateway_id": "",
                            "route.703077629.vpc_peering_connection_id": "",
                            "tags.%": "1",
                            "tags.Name": "dev-private-route-table",
                            "vpc_id": "vpc-0a9cc56ba44fb51d1"
                        },
                        "meta": {},
                        "tainted": false
                    },
                    "deposed": [],
                    "provider": "provider.aws"
                }
            },
            "depends_on": []
        },
        {
            "path": [
                "root",
                "public_subnet"
            ],
            "outputs": {
                "public_subnet_id": {
                    "sensitive": false,
                    "type": "list",
                    "value": [
                        "subnet-06f9dde3ca68a2a66"
                    ]
                }
            },
            "resources": {
                "aws_subnet.public_subnet": {
                    "type": "aws_subnet",
                    "depends_on": [],
                    "primary": {
                        "id": "subnet-06f9dde3ca68a2a66",
                        "attributes": {
                            "arn": "arn:aws:ec2:us-east-1:631503308609:subnet/subnet-06f9dde3ca68a2a66",
                            "assign_ipv6_address_on_creation": "false",
                            "availability_zone": "us-east-1a",
                            "availability_zone_id": "use1-az6",
                            "cidr_block": "172.31.1.0/24",
                            "id": "subnet-06f9dde3ca68a2a66",
                            "ipv6_cidr_block": "",
                            "ipv6_cidr_block_association_id": "",
                            "map_public_ip_on_launch": "true",
                            "owner_id": "631503308609",
                            "tags.%": "1",
                            "tags.Name": "dev-public_subnet-us-east-1a",
                            "vpc_id": "vpc-0a9cc56ba44fb51d1"
                        },
                        "meta": {
                            "e2bfb730-ecaa-11e6-8f88-34363bc7c4c0": {
                                "create": 600000000000,
                                "delete": 600000000000
                            },
                            "schema_version": "1"
                        },
                        "tainted": false
                    },
                    "deposed": [],
                    "provider": "provider.aws"
                }
            },
            "depends_on": []
        },
        {
            "path": [
                "root",
                "route_table_association"
            ],
            "outputs": {},
            "resources": {
                "aws_route_table_association.private_subnet_association": {
                    "type": "aws_route_table_association",
                    "depends_on": [],
                    "primary": {
                        "id": "rtbassoc-00c4ca643030ef119",
                        "attributes": {
                            "id": "rtbassoc-00c4ca643030ef119",
                            "route_table_id": "rtb-062844fbcfef4c37e",
                            "subnet_id": "subnet-0b130f7a741f0facc"
                        },
                        "meta": {},
                        "tainted": false
                    },
                    "deposed": [],
                    "provider": "provider.aws"
                },
                "aws_route_table_association.public_subnet_association": {
                    "type": "aws_route_table_association",
                    "depends_on": [],
                    "primary": {
                        "id": "rtbassoc-0d8e7217cf2b3142e",
                        "attributes": {
                            "id": "rtbassoc-0d8e7217cf2b3142e",
                            "route_table_id": "rtb-0d7f73fc5b5a95965",
                            "subnet_id": "subnet-06f9dde3ca68a2a66"
                        },
                        "meta": {},
                        "tainted": false
                    },
                    "deposed": [],
                    "provider": "provider.aws"
                }
            },
            "depends_on": []
        },
        {
            "path": [
                "root",
                "vpc"
            ],
            "outputs": {
                "main_route_table_id": {
                    "sensitive": false,
                    "type": "string",
                    "value": "rtb-0d7f73fc5b5a95965"
                },
                "vpc_id": {
                    "sensitive": false,
                    "type": "string",
                    "value": "vpc-0a9cc56ba44fb51d1"
                }
            },
            "resources": {
                "aws_vpc.vpc": {
                    "type": "aws_vpc",
                    "depends_on": [],
                    "primary": {
                        "id": "vpc-0a9cc56ba44fb51d1",
                        "attributes": {
                            "arn": "arn:aws:ec2:us-east-1:631503308609:vpc/vpc-0a9cc56ba44fb51d1",
                            "assign_generated_ipv6_cidr_block": "false",
                            "cidr_block": "172.31.0.0/16",
                            "default_network_acl_id": "acl-0ffef785c33635a6b",
                            "default_route_table_id": "rtb-0d7f73fc5b5a95965",
                            "default_security_group_id": "sg-002ce36821c4b3bcb",
                            "dhcp_options_id": "dopt-3b064540",
                            "enable_classiclink": "false",
                            "enable_classiclink_dns_support": "false",
                            "enable_dns_hostnames": "true",
                            "enable_dns_support": "true",
                            "id": "vpc-0a9cc56ba44fb51d1",
                            "instance_tenancy": "default",
                            "ipv6_association_id": "",
                            "ipv6_cidr_block": "",
                            "main_route_table_id": "rtb-0d7f73fc5b5a95965",
                            "owner_id": "631503308609",
                            "tags.%": "1",
                            "tags.Name": "dev-vpc"
                        },
                        "meta": {
                            "schema_version": "1"
                        },
                        "tainted": false
                    },
                    "deposed": [],
                    "provider": "provider.aws"
                }
            },
            "depends_on": []
        }
    ]
}
