{
    "version": 3,
    "terraform_version": "0.11.11",
    "serial": 4,
    "lineage": "9f75ca61-926f-f56d-3920-a2e81e65a3bd",
    "modules": [
        {
            "path": [
                "root"
            ],
            "outputs": {},
            "resources": {
                "aws_eip.elastic_ip": {
                    "type": "aws_eip",
                    "depends_on": [
                        "module.internet_gateway"
                    ],
                    "primary": {
                        "id": "eipalloc-0791f6ee0b74a1803",
                        "attributes": {
                            "association_id": "",
                            "domain": "vpc",
                            "id": "eipalloc-0791f6ee0b74a1803",
                            "instance": "",
                            "network_interface": "",
                            "private_ip": "",
                            "public_ip": "35.175.91.249",
                            "public_ipv4_pool": "amazon",
                            "tags.%": "0",
                            "vpc": "true"
                        },
                        "meta": {
                            "e2bfb730-ecaa-11e6-8f88-34363bc7c4c0": {
                                "delete": 180000000000,
                                "read": 900000000000,
                                "update": 300000000000
                            }
                        },
                        "tainted": false
                    },
                    "deposed": [],
                    "provider": "provider.aws"
                }
            },
            "depends_on": []
        },
        {
            "path": [
                "root",
                "internet_access"
            ],
            "outputs": {},
            "resources": {
                "aws_route.internet_access": {
                    "type": "aws_route",
                    "depends_on": [],
                    "primary": {
                        "id": "r-rtb-00ea60d77d6fa465a1080289494",
                        "attributes": {
                            "destination_cidr_block": "0.0.0.0/0",
                            "destination_prefix_list_id": "",
                            "egress_only_gateway_id": "",
                            "gateway_id": "igw-0421f4988d0d2bf09",
                            "id": "r-rtb-00ea60d77d6fa465a1080289494",
                            "instance_id": "",
                            "instance_owner_id": "",
                            "nat_gateway_id": "",
                            "network_interface_id": "",
                            "origin": "CreateRoute",
                            "route_table_id": "rtb-00ea60d77d6fa465a",
                            "state": "active",
                            "transit_gateway_id": "",
                            "vpc_peering_connection_id": ""
                        },
                        "meta": {
                            "e2bfb730-ecaa-11e6-8f88-34363bc7c4c0": {
                                "create": 120000000000,
                                "delete": 300000000000
                            }
                        },
                        "tainted": false
                    },
                    "deposed": [],
                    "provider": "provider.aws"
                }
            },
            "depends_on": []
        },
        {
            "path": [
                "root",
                "internet_gateway"
            ],
            "outputs": {
                "internet_gateway_id": {
                    "sensitive": false,
                    "type": "string",
                    "value": "igw-0421f4988d0d2bf09"
                }
            },
            "resources": {
                "aws_internet_gateway.igw": {
                    "type": "aws_internet_gateway",
                    "depends_on": [],
                    "primary": {
                        "id": "igw-0421f4988d0d2bf09",
                        "attributes": {
                            "id": "igw-0421f4988d0d2bf09",
                            "owner_id": "631503308609",
                            "tags.%": "1",
                            "tags.Name": "dev-internet-gateway",
                            "vpc_id": "vpc-0001010f3309133c7"
                        },
                        "meta": {},
                        "tainted": false
                    },
                    "deposed": [],
                    "provider": "provider.aws"
                }
            },
            "depends_on": []
        },
        {
            "path": [
                "root",
                "private_subnet"
            ],
            "outputs": {},
            "resources": {},
            "depends_on": []
        },
        {
            "path": [
                "root",
                "private_subnet_route_table"
            ],
            "outputs": {
                "private_route_table_ids": {
                    "sensitive": false,
                    "type": "list",
                    "value": [
                        "rtb-0d649dd7af23c827a"
                    ]
                }
            },
            "resources": {
                "aws_route_table.private_route_table": {
                    "type": "aws_route_table",
                    "depends_on": [],
                    "primary": {
                        "id": "rtb-0d649dd7af23c827a",
                        "attributes": {
                            "id": "rtb-0d649dd7af23c827a",
                            "owner_id": "631503308609",
                            "propagating_vgws.#": "0",
                            "route.#": "0",
                            "tags.%": "1",
                            "tags.Name": "dev-private-route-table",
                            "vpc_id": "vpc-0001010f3309133c7"
                        },
                        "meta": {},
                        "tainted": false
                    },
                    "deposed": [],
                    "provider": "provider.aws"
                }
            },
            "depends_on": []
        },
        {
            "path": [
                "root",
                "public_subnet"
            ],
            "outputs": {},
            "resources": {
                "aws_subnet.public_subnet.0": {
                    "type": "aws_subnet",
                    "depends_on": [],
                    "primary": {
                        "id": "subnet-0ecfd4dba7b2cbd98",
                        "attributes": {
                            "arn": "arn:aws:ec2:us-east-1:631503308609:subnet/subnet-0ecfd4dba7b2cbd98",
                            "assign_ipv6_address_on_creation": "false",
                            "availability_zone": "us-east-1a",
                            "availability_zone_id": "use1-az6",
                            "cidr_block": "172.31.1.0/24",
                            "id": "subnet-0ecfd4dba7b2cbd98",
                            "ipv6_cidr_block": "",
                            "ipv6_cidr_block_association_id": "",
                            "map_public_ip_on_launch": "true",
                            "owner_id": "631503308609",
                            "tags.%": "1",
                            "tags.Name": "dev-public_subnet-us-east-1a",
                            "vpc_id": "vpc-0001010f3309133c7"
                        },
                        "meta": {
                            "e2bfb730-ecaa-11e6-8f88-34363bc7c4c0": {
                                "create": 600000000000,
                                "delete": 600000000000
                            },
                            "schema_version": "1"
                        },
                        "tainted": false
                    },
                    "deposed": [],
                    "provider": "provider.aws"
                }
            },
            "depends_on": []
        },
        {
            "path": [
                "root",
                "route_table_association"
            ],
            "outputs": {},
            "resources": {},
            "depends_on": []
        },
        {
            "path": [
                "root",
                "vpc"
            ],
            "outputs": {
                "main_route_table_id": {
                    "sensitive": false,
                    "type": "string",
                    "value": "rtb-00ea60d77d6fa465a"
                },
                "vpc_id": {
                    "sensitive": false,
                    "type": "string",
                    "value": "vpc-0001010f3309133c7"
                }
            },
            "resources": {
                "aws_vpc.vpc": {
                    "type": "aws_vpc",
                    "depends_on": [],
                    "primary": {
                        "id": "vpc-0001010f3309133c7",
                        "attributes": {
                            "arn": "arn:aws:ec2:us-east-1:631503308609:vpc/vpc-0001010f3309133c7",
                            "assign_generated_ipv6_cidr_block": "false",
                            "cidr_block": "172.31.0.0/16",
                            "default_network_acl_id": "acl-0cc18cdeb63b307ad",
                            "default_route_table_id": "rtb-00ea60d77d6fa465a",
                            "default_security_group_id": "sg-0effc09b1260d8d9b",
                            "dhcp_options_id": "dopt-3b064540",
                            "enable_classiclink": "false",
                            "enable_classiclink_dns_support": "false",
                            "enable_dns_hostnames": "true",
                            "enable_dns_support": "true",
                            "id": "vpc-0001010f3309133c7",
                            "instance_tenancy": "default",
                            "ipv6_association_id": "",
                            "ipv6_cidr_block": "",
                            "main_route_table_id": "rtb-00ea60d77d6fa465a",
                            "owner_id": "631503308609",
                            "tags.%": "1",
                            "tags.Name": "dev-vpc"
                        },
                        "meta": {
                            "schema_version": "1"
                        },
                        "tainted": false
                    },
                    "deposed": [],
                    "provider": "provider.aws"
                }
            },
            "depends_on": []
        }
    ]
}
