{
    "version": 3,
    "terraform_version": "0.11.11",
    "serial": 1,
    "lineage": "9f75ca61-926f-f56d-3920-a2e81e65a3bd",
    "modules": [
        {
            "path": [
                "root"
            ],
            "outputs": {},
            "resources": {},
            "depends_on": []
        },
        {
            "path": [
                "root",
                "vpc"
            ],
            "outputs": {},
            "resources": {
                "aws_vpc.vpc": {
                    "type": "aws_vpc",
                    "depends_on": [],
                    "primary": {
                        "id": "vpc-0a57824da43a448d3",
                        "attributes": {
                            "arn": "arn:aws:ec2:us-east-1:631503308609:vpc/vpc-0a57824da43a448d3",
                            "assign_generated_ipv6_cidr_block": "false",
                            "cidr_block": "172.31.0.0/16",
                            "default_network_acl_id": "acl-0b842b88132c13531",
                            "default_route_table_id": "rtb-0098889f8e7549ab9",
                            "default_security_group_id": "sg-0a9769907bc344664",
                            "dhcp_options_id": "dopt-3b064540",
                            "enable_classiclink": "false",
                            "enable_classiclink_dns_support": "false",
                            "enable_dns_hostnames": "true",
                            "enable_dns_support": "true",
                            "id": "vpc-0a57824da43a448d3",
                            "instance_tenancy": "default",
                            "ipv6_association_id": "",
                            "ipv6_cidr_block": "",
                            "main_route_table_id": "rtb-0098889f8e7549ab9",
                            "owner_id": "631503308609",
                            "tags.%": "1",
                            "tags.Name": "dev-vpc"
                        },
                        "meta": {
                            "schema_version": "1"
                        },
                        "tainted": false
                    },
                    "deposed": [],
                    "provider": "provider.aws"
                }
            },
            "depends_on": []
        }
    ]
}
